
Microsoft Visual Studio Solution File, Format Version 12.00
# Visual Studio 15
VisualStudioVersion = 15.0.28307.106
MinimumVisualStudioVersion = 10.0.40219.1
Project("{FAE04EC0-301F-11D3-BF4B-00C04F79EFBC}") = "AkkaConsole_1", "AkkaConsole_1\AkkaConsole_1.csproj", "{3DDD10EE-812C-4E34-B1D0-32072C99C03E}"
EndProject
Project("{FAE04EC0-301F-11D3-BF4B-00C04F79EFBC}") = "AkkaConsole_2", "AkkaConsole_2\AkkaConsole_2.csproj", "{3B5F7839-0042-4DC5-9189-6CFBAF5815B7}"
EndProject
Project("{FAE04EC0-301F-11D3-BF4B-00C04F79EFBC}") = "AkkaBiz", "AkkaBiz\AkkaBiz.csproj", "{B4615DBC-98E7-49FC-887D-AA8B9C3A2B17}"
EndProject
Global
	GlobalSection(SolutionConfigurationPlatforms) = preSolution
		Debug|Any CPU = Debug|Any CPU
		Release|Any CPU = Release|Any CPU
	EndGlobalSection
	GlobalSection(ProjectConfigurationPlatforms) = postSolution
		{3DDD10EE-812C-4E34-B1D0-32072C99C03E}.Debug|Any CPU.ActiveCfg = Debug|Any CPU
		{3DDD10EE-812C-4E34-B1D0-32072C99C03E}.Debug|Any CPU.Build.0 = Debug|Any CPU
		{3DDD10EE-812C-4E34-B1D0-32072C99C03E}.Release|Any CPU.ActiveCfg = Release|Any CPU
		{3DDD10EE-812C-4E34-B1D0-32072C99C03E}.Release|Any CPU.Build.0 = Release|Any CPU
		{3B5F7839-0042-4DC5-9189-6CFBAF5815B7}.Debug|Any CPU.ActiveCfg = Debug|Any CPU
		{3B5F7839-0042-4DC5-9189-6CFBAF5815B7}.Debug|Any CPU.Build.0 = Debug|Any CPU
		{3B5F7839-0042-4DC5-9189-6CFBAF5815B7}.Release|Any CPU.ActiveCfg = Release|Any CPU
		{3B5F7839-0042-4DC5-9189-6CFBAF5815B7}.Release|Any CPU.Build.0 = Release|Any CPU
		{B4615DBC-98E7-49FC-887D-AA8B9C3A2B17}.Debug|Any CPU.ActiveCfg = Debug|Any CPU
		{B4615DBC-98E7-49FC-887D-AA8B9C3A2B17}.Debug|Any CPU.Build.0 = Debug|Any CPU
		{B4615DBC-98E7-49FC-887D-AA8B9C3A2B17}.Release|Any CPU.ActiveCfg = Release|Any CPU
		{B4615DBC-98E7-49FC-887D-AA8B9C3A2B17}.Release|Any CPU.Build.0 = Release|Any CPU
	EndGlobalSection
	GlobalSection(SolutionProperties) = preSolution
		HideSolutionNode = FALSE
	EndGlobalSection
	GlobalSection(ExtensibilityGlobals) = postSolution
		SolutionGuid = {0F50E6B2-58FB-4834-8DE1-22E8A2E919E2}
	EndGlobalSection
EndGlobal
